Microsoft Visual Studio Solution File, Format Version 12.00
# Visual Studio Version 16
VisualStudioVersion = 16.0.0.0
MinimumVisualStudioVersion = 16.0.0.0
Project("{9A19103F-16F7-4668-BE54-9A1E7A4F7556}") = "Blazor", "Blazor\Blazor.csproj", "{171306D4-8368-471E-A4CD-60307C5410DB}"
EndProject
Project("{9A19103F-16F7-4668-BE54-9A1E7A4F7556}") = "Blazor.Client", "Blazor.Client\Blazor.Client.csproj", "{A49DBA8A-D543-4BDD-993C-890B5AACC253}"
EndProject
Global
	GlobalSection(SolutionConfigurationPlatforms) = preSolution
		Debug|Any CPU = Debug|Any CPU
		Debug|x64 = Debug|x64
		Debug|x86 = Debug|x86
		Release|Any CPU = Release|Any CPU
		Release|x64 = Release|x64
		Release|x86 = Release|x86
	EndGlobalSection
	GlobalSection(ProjectConfigurationPlatforms) = postSolution
		{A49DBA8A-D543-4BDD-993C-890B5AACC253}.Debug|Any CPU.ActiveCfg = Debug|Any CPU
		{A49DBA8A-D543-4BDD-993C-890B5AACC253}.Debug|Any CPU.Build.0 = Debug|Any CPU
		{A49DBA8A-D543-4BDD-993C-890B5AACC253}.Debug|x64.ActiveCfg = Debug|Any CPU
		{A49DBA8A-D543-4BDD-993C-890B5AACC253}.Debug|x64.Build.0 = Debug|Any CPU
		{A49DBA8A-D543-4BDD-993C-890B5AACC253}.Debug|x86.ActiveCfg = Debug|Any CPU
		{A49DBA8A-D543-4BDD-993C-890B5AACC253}.Debug|x86.Build.0 = Debug|Any CPU
		{A49DBA8A-D543-4BDD-993C-890B5AACC253}.Release|Any CPU.ActiveCfg = Release|Any CPU
		{A49DBA8A-D543-4BDD-993C-890B5AACC253}.Release|Any CPU.Build.0 = Release|Any CPU
		{A49DBA8A-D543-4BDD-993C-890B5AACC253}.Release|x64.ActiveCfg = Release|Any CPU
		{A49DBA8A-D543-4BDD-993C-890B5AACC253}.Release|x64.Build.0 = Release|Any CPU
		{A49DBA8A-D543-4BDD-993C-890B5AACC253}.Release|x86.ActiveCfg = Release|Any CPU
		{A49DBA8A-D543-4BDD-993C-890B5AACC253}.Release|x86.Build.0 = Release|Any CPU
		{171306D4-8368-471E-A4CD-60307C5410DB}.Debug|Any CPU.ActiveCfg = Debug|Any CPU
		{171306D4-8368-471E-A4CD-60307C5410DB}.Debug|Any CPU.Build.0 = Debug|Any CPU
		{171306D4-8368-471E-A4CD-60307C5410DB}.Debug|x64.ActiveCfg = Debug|Any CPU
		{171306D4-8368-471E-A4CD-60307C5410DB}.Debug|x64.Build.0 = Debug|Any CPU
		{171306D4-8368-471E-A4CD-60307C5410DB}.Debug|x86.ActiveCfg = Debug|Any CPU
		{171306D4-8368-471E-A4CD-60307C5410DB}.Debug|x86.Build.0 = Debug|Any CPU
		{171306D4-8368-471E-A4CD-60307C5410DB}.Release|Any CPU.ActiveCfg = Release|Any CPU
		{171306D4-8368-471E-A4CD-60307C5410DB}.Release|Any CPU.Build.0 = Release|Any CPU
		{171306D4-8368-471E-A4CD-60307C5410DB}.Release|x64.ActiveCfg = Release|Any CPU
		{171306D4-8368-471E-A4CD-60307C5410DB}.Release|x64.Build.0 = Release|Any CPU
		{171306D4-8368-471E-A4CD-60307C5410DB}.Release|x86.ActiveCfg = Release|Any CPU
		{171306D4-8368-471E-A4CD-60307C5410DB}.Release|x86.Build.0 = Release|Any CPU
	EndGlobalSection
	GlobalSection(SolutionProperties) = preSolution
		HideSolutionNode = FALSE
	EndGlobalSection
	GlobalSection(ExtensibilityGlobals) = postSolution
		SolutionGuid = {1CA8BDC2-3E60-4FCE-AC20-2D121E663AE6}
	EndGlobalSection
EndGlobal
